
Microsoft Visual Studio Solution File, Format Version 12.00
# Visual Studio 15
VisualStudioVersion = 15.0.28307.168
MinimumVisualStudioVersion = 10.0.40219.1
Project("{FAE04EC0-301F-11D3-BF4B-00C04F79EFBC}") = "OpenAPI.CodeGenerator.DotLiquidRenderer", "OpenAPI.CodeGenerator.DotLiquidRenderer\OpenAPI.CodeGenerator.DotLiquidRenderer.csproj", "{F36B5D21-1BC3-4F98-9EA1-A741A6E729F1}"
EndProject
Project("{9A19103F-16F7-4668-BE54-9A1E7A4F7556}") = "OpenAPI.CodeGenerator", "OpenAPI.CodeGenerator\OpenAPI.CodeGenerator.csproj", "{EE63261F-7C6C-435D-8442-63B69B8FF8F2}"
EndProject
Project("{FAE04EC0-301F-11D3-BF4B-00C04F79EFBC}") = "OpenAPI.CodeGenerator.Common", "OpenAPI.CodeGenerator.Common\OpenAPI.CodeGenerator.Common.csproj", "{1227FD7D-B017-4D11-8B01-38A8A23A2E73}"
EndProject
Project("{2150E333-8FDC-42A3-9474-1A3956D46DE8}") = "Samples", "Samples", "{20BC934D-605C-4BBA-A620-F50A4B5264E6}"
EndProject
Project("{FAE04EC0-301F-11D3-BF4B-00C04F79EFBC}") = "OpenAPI.CodeGenerator.LiquidNETRenderer", "OpenAPI.CodeGenerator.LiquidNETRenderer\OpenAPI.CodeGenerator.LiquidNETRenderer.csproj", "{89E59D11-59F5-44BC-8ED1-B54DAF38642A}"
EndProject
Project("{FAE04EC0-301F-11D3-BF4B-00C04F79EFBC}") = "OpenAPI.CodeGenerator.Fluid", "OpenAPI.CodeGenerator.Fluid\OpenAPI.CodeGenerator.Fluid.csproj", "{60C7577B-763B-435C-AD79-F265EB50B4C1}"
EndProject
Global
	GlobalSection(SolutionConfigurationPlatforms) = preSolution
		Debug|Any CPU = Debug|Any CPU
		Release|Any CPU = Release|Any CPU
	EndGlobalSection
	GlobalSection(ProjectConfigurationPlatforms) = postSolution
		{F36B5D21-1BC3-4F98-9EA1-A741A6E729F1}.Debug|Any CPU.ActiveCfg = Debug|Any CPU
		{F36B5D21-1BC3-4F98-9EA1-A741A6E729F1}.Debug|Any CPU.Build.0 = Debug|Any CPU
		{F36B5D21-1BC3-4F98-9EA1-A741A6E729F1}.Release|Any CPU.ActiveCfg = Release|Any CPU
		{F36B5D21-1BC3-4F98-9EA1-A741A6E729F1}.Release|Any CPU.Build.0 = Release|Any CPU
		{EE63261F-7C6C-435D-8442-63B69B8FF8F2}.Debug|Any CPU.ActiveCfg = Debug|Any CPU
		{EE63261F-7C6C-435D-8442-63B69B8FF8F2}.Debug|Any CPU.Build.0 = Debug|Any CPU
		{EE63261F-7C6C-435D-8442-63B69B8FF8F2}.Release|Any CPU.ActiveCfg = Release|Any CPU
		{EE63261F-7C6C-435D-8442-63B69B8FF8F2}.Release|Any CPU.Build.0 = Release|Any CPU
		{1227FD7D-B017-4D11-8B01-38A8A23A2E73}.Debug|Any CPU.ActiveCfg = Debug|Any CPU
		{1227FD7D-B017-4D11-8B01-38A8A23A2E73}.Debug|Any CPU.Build.0 = Debug|Any CPU
		{1227FD7D-B017-4D11-8B01-38A8A23A2E73}.Release|Any CPU.ActiveCfg = Release|Any CPU
		{1227FD7D-B017-4D11-8B01-38A8A23A2E73}.Release|Any CPU.Build.0 = Release|Any CPU
		{89E59D11-59F5-44BC-8ED1-B54DAF38642A}.Debug|Any CPU.ActiveCfg = Debug|Any CPU
		{89E59D11-59F5-44BC-8ED1-B54DAF38642A}.Debug|Any CPU.Build.0 = Debug|Any CPU
		{89E59D11-59F5-44BC-8ED1-B54DAF38642A}.Release|Any CPU.ActiveCfg = Release|Any CPU
		{89E59D11-59F5-44BC-8ED1-B54DAF38642A}.Release|Any CPU.Build.0 = Release|Any CPU
		{60C7577B-763B-435C-AD79-F265EB50B4C1}.Debug|Any CPU.ActiveCfg = Debug|Any CPU
		{60C7577B-763B-435C-AD79-F265EB50B4C1}.Debug|Any CPU.Build.0 = Debug|Any CPU
		{60C7577B-763B-435C-AD79-F265EB50B4C1}.Release|Any CPU.ActiveCfg = Release|Any CPU
		{60C7577B-763B-435C-AD79-F265EB50B4C1}.Release|Any CPU.Build.0 = Release|Any CPU
	EndGlobalSection
	GlobalSection(SolutionProperties) = preSolution
		HideSolutionNode = FALSE
	EndGlobalSection
	GlobalSection(ExtensibilityGlobals) = postSolution
		SolutionGuid = {CF97E57F-AB23-4EF2-9CE5-191B57302230}
	EndGlobalSection
EndGlobal
